
Microsoft Visual Studio Solution File, Format Version 12.00
# Visual Studio Version 16
VisualStudioVersion = 16.0.29509.3
MinimumVisualStudioVersion = 10.0.40219.1
Project("{FAE04EC0-301F-11D3-BF4B-00C04F79EFBC}") = "ClinicaGAP", "ClinicaGAP\ClinicaGAP.csproj", "{8A8A583C-7E47-40FD-A6B4-9F042ED39684}"
EndProject
Project("{FAE04EC0-301F-11D3-BF4B-00C04F79EFBC}") = "ClinicaGAP.Tests", "ClinicaGAP.Tests\ClinicaGAP.Tests.csproj", "{170F27B8-C029-4CD8-9373-198CDE7D4BC1}"
EndProject
Global
	GlobalSection(SolutionConfigurationPlatforms) = preSolution
		Debug|Any CPU = Debug|Any CPU
		Release|Any CPU = Release|Any CPU
	EndGlobalSection
	GlobalSection(ProjectConfigurationPlatforms) = postSolution
		{8A8A583C-7E47-40FD-A6B4-9F042ED39684}.Debug|Any CPU.ActiveCfg = Debug|Any CPU
		{8A8A583C-7E47-40FD-A6B4-9F042ED39684}.Debug|Any CPU.Build.0 = Debug|Any CPU
		{8A8A583C-7E47-40FD-A6B4-9F042ED39684}.Release|Any CPU.ActiveCfg = Release|Any CPU
		{8A8A583C-7E47-40FD-A6B4-9F042ED39684}.Release|Any CPU.Build.0 = Release|Any CPU
		{170F27B8-C029-4CD8-9373-198CDE7D4BC1}.Debug|Any CPU.ActiveCfg = Debug|Any CPU
		{170F27B8-C029-4CD8-9373-198CDE7D4BC1}.Debug|Any CPU.Build.0 = Debug|Any CPU
		{170F27B8-C029-4CD8-9373-198CDE7D4BC1}.Release|Any CPU.ActiveCfg = Release|Any CPU
		{170F27B8-C029-4CD8-9373-198CDE7D4BC1}.Release|Any CPU.Build.0 = Release|Any CPU
	EndGlobalSection
	GlobalSection(SolutionProperties) = preSolution
		HideSolutionNode = FALSE
	EndGlobalSection
	GlobalSection(ExtensibilityGlobals) = postSolution
		SolutionGuid = {C431A307-0CBC-4B79-BC1A-8FDD57460143}
	EndGlobalSection
EndGlobal
